{
  "name": "my-app",
  "version": "0.1.0",
  "lockfileVersion": 1,
  "requires": true,
  "dependencies": {
    "@types/history": {
      "version": "4.7.2",
      "resolved": "https://registry.npmjs.org/@types/history/-/history-4.7.2.tgz",
      "integrity": "sha512-ui3WwXmjTaY73fOQ3/m3nnajU/Orhi6cEu5rzX+BrAAJxa3eITXZ5ch9suPqtM03OWhAHhPSyBGCN4UKoxO20Q=="
    },
    "@types/invariant": {
      "version": "2.2.29",
      "resolved": "https://registry.npmjs.org/@types/invariant/-/invariant-2.2.29.tgz",
      "integrity": "sha512-lRVw09gOvgviOfeUrKc/pmTiRZ7g7oDOU6OAutyuSHpm1/o2RaBQvRhgK8QEdu+FFuw/wnWb29A/iuxv9i8OpQ=="
    },
    "@types/is-plain-object": {
      "version": "0.0.2",
      "resolved": "https://registry.npmjs.org/@types/is-plain-object/-/is-plain-object-0.0.2.tgz",
      "integrity": "sha1-Jbyntla6I/sDeZoGDbogGnlSED0="
    },
    "@types/lodash": {
      "version": "4.14.133",
      "resolved": "https://registry.npmjs.org/@types/lodash/-/lodash-4.14.133.tgz",
      "integrity": "sha512-/3JqnvPnY58GLzG3Y7fpphOhATV1DDZ/Ak3DQufjlRK5E4u+s0CfClfNFtAGBabw+jDGtRFbOZe+Z02ZMWCBNQ=="
    },
    "@types/lodash.isfunction": {
      "version": "3.0.6",
      "resolved": "https://registry.npmjs.org/@types/lodash.isfunction/-/lodash.isfunction-3.0.6.tgz",
      "integrity": "sha512-olhgKmBgzHnA5pxsOI6YHunzTBMSyBw1XjxIKFio8W+XhYiELGTt05FStE0suV0GWtlIMdn7V8M/UbYbSVdGYw==",
      "requires": {
        "@types/lodash": "4.14.133"
      }
    },
    "@types/prop-types": {
      "version": "15.7.1",
      "resolved": "https://registry.npmjs.org/@types/prop-types/-/prop-types-15.7.1.tgz",
      "integrity": "sha512-CFzn9idOEpHrgdw8JsoTkaDDyRWk1jrzIV8djzcgpq0y9tG4B4lFT+Nxh52DVpDXV+n4+NPNv7M1Dj5uMp6XFg=="
    },
    "@types/react-hot-loader": {
      "version": "3.0.6",
      "resolved": "https://registry.npmjs.org/@types/react-hot-loader/-/react-hot-loader-3.0.6.tgz",
      "integrity": "sha512-GdGUhpcFbx/outNfNMRll0skfuD9Awqh2U/jZHII1MLBGT3cDc61dr36t9X8niYgtYQwDizOl5afRo3tYnP+2Q==",
      "requires": {
        "@types/react": "16.8.19"
      },
      "dependencies": {
        "@types/react": {
          "version": "16.8.19",
          "resolved": "https://registry.npmjs.org/@types/react/-/react-16.8.19.tgz",
          "integrity": "sha512-QzEzjrd1zFzY9cDlbIiFvdr+YUmefuuRYrPxmkwG0UQv5XF35gFIi7a95m1bNVcFU0VimxSZ5QVGSiBmlggQXQ==",
          "requires": {
            "@types/prop-types": "15.7.1",
            "csstype": "2.6.5"
          }
        }
      }
    },
    "@types/react-redux": {
      "version": "4.4.47",
      "resolved": "https://registry.npmjs.org/@types/react-redux/-/react-redux-4.4.47.tgz",
      "integrity": "sha512-wyFTmLtEymHCjOmVVvsbNqJaGM9Q0x6sZTQfz4XkDj06P8Xe+ys9wKSQHx2Jt9J5Mi7HZnGcJaMFktn60sXluw==",
      "requires": {
        "@types/react": "16.8.19",
        "redux": "3.7.2"
      },
      "dependencies": {
        "@types/react": {
          "version": "16.8.19",
          "resolved": "https://registry.npmjs.org/@types/react/-/react-16.8.19.tgz",
          "integrity": "sha512-QzEzjrd1zFzY9cDlbIiFvdr+YUmefuuRYrPxmkwG0UQv5XF35gFIi7a95m1bNVcFU0VimxSZ5QVGSiBmlggQXQ==",
          "requires": {
            "@types/prop-types": "15.7.1",
            "csstype": "2.6.5"
          }
        }
      }
    },
    "@types/react-router": {
      "version": "3.0.20",
      "resolved": "https://registry.npmjs.org/@types/react-router/-/react-router-3.0.20.tgz",
      "integrity": "sha512-0sx2ThGYgblXPf8we/c+umFzP3RCbBp1bbFmd3pO1UaOYnTDno82iql3MQTVqB09rhopKORNfakDU/9xZ4QR6g==",
      "requires": {
        "@types/history": "3.2.3",
        "@types/react": "16.8.19"
      },
      "dependencies": {
        "@types/history": {
          "version": "3.2.3",
          "resolved": "https://registry.npmjs.org/@types/history/-/history-3.2.3.tgz",
          "integrity": "sha512-s4SNWd31cmFP52ilv3LKCh344ayIXmfmcfExsegGspgnk/pQh75Yo6v49uzSE1oFMXp+Sz4GVnesL7rgybX9tQ=="
        },
        "@types/react": {
          "version": "16.8.19",
          "resolved": "https://registry.npmjs.org/@types/react/-/react-16.8.19.tgz",
          "integrity": "sha512-QzEzjrd1zFzY9cDlbIiFvdr+YUmefuuRYrPxmkwG0UQv5XF35gFIi7a95m1bNVcFU0VimxSZ5QVGSiBmlggQXQ==",
          "requires": {
            "@types/prop-types": "15.7.1",
            "csstype": "2.6.5"
          }
        }
      }
    },
    "@types/react-router-redux": {
      "version": "4.0.51",
      "resolved": "https://registry.npmjs.org/@types/react-router-redux/-/react-router-redux-4.0.51.tgz",
      "integrity": "sha512-XkWpcG1xSnD0+MG1f19FbKu8c7jmasFacdgFzN/FPG6oIIQIFqz8H2tJL2i7eSa4Cp2qCFAowAKILhAORXtH1g==",
      "requires": {
        "@types/history": "3.2.3",
        "redux": "3.7.2"
      },
      "dependencies": {
        "@types/history": {
          "version": "3.2.3",
          "resolved": "https://registry.npmjs.org/@types/history/-/history-3.2.3.tgz",
          "integrity": "sha512-s4SNWd31cmFP52ilv3LKCh344ayIXmfmcfExsegGspgnk/pQh75Yo6v49uzSE1oFMXp+Sz4GVnesL7rgybX9tQ=="
        }
      }
    },
    "@types/redux": {
      "version": "3.6.0",
      "resolved": "https://registry.npmjs.org/@types/redux/-/redux-3.6.0.tgz",
      "integrity": "sha1-8evh5UEVGAcuT9/KXHbhbnTBOZo=",
      "requires": {
        "redux": "3.7.2"
      }
    },
    "@types/warning": {
      "version": "3.0.0",
      "resolved": "https://registry.npmjs.org/@types/warning/-/warning-3.0.0.tgz",
      "integrity": "sha1-DSUBJorY+ZYrdA04fEZU9fjiPlI="
    },
    "asap": {
      "version": "2.0.6",
      "resolved": "https://registry.npmjs.org/asap/-/asap-2.0.6.tgz",
      "integrity": "sha1-5QNHYR1+aQlDIIu9r+vLwvuGbUY="
    },
    "babel-runtime": {
      "version": "6.26.0",
      "resolved": "https://registry.npmjs.org/babel-runtime/-/babel-runtime-6.26.0.tgz",
      "integrity": "sha1-llxwWGaOgrVde/4E/yM3vItWR/4=",
      "requires": {
        "core-js": "2.6.9",
        "regenerator-runtime": "0.11.1"
      }
    },
    "big.js": {
      "version": "5.2.2",
      "resolved": "https://registry.npmjs.org/big.js/-/big.js-5.2.2.tgz",
      "integrity": "sha512-vyL2OymJxmarO8gxMr0mhChsO9QGwhynfuu4+MHTAW6czfq9humCB7rKpUjDd9YUiDPU4mzpyupFSvOClAwbmQ=="
    },
    "core-js": {
      "version": "2.6.9",
      "resolved": "https://registry.npmjs.org/core-js/-/core-js-2.6.9.tgz",
      "integrity": "sha512-HOpZf6eXmnl7la+cUdMnLvUxKNqLUzJvgIziQ0DiF3JwSImNphIqdGqzj6hIKyX04MmV0poclQ7+wjWvxQyR2A=="
    },
    "create-react-class": {
      "version": "15.6.3",
      "resolved": "https://registry.npmjs.org/create-react-class/-/create-react-class-15.6.3.tgz",
      "integrity": "sha512-M+/3Q6E6DLO6Yx3OwrWjwHBnvfXXYA7W+dFjt/ZDBemHO1DDZhsalX/NUtnTYclN6GfnBDRh4qRHjcDHmlJBJg==",
      "requires": {
        "fbjs": "0.8.17",
        "loose-envify": "1.4.0",
        "object-assign": "4.1.1"
      }
    },
    "csstype": {
      "version": "2.6.5",
      "resolved": "https://registry.npmjs.org/csstype/-/csstype-2.6.5.tgz",
      "integrity": "sha512-JsTaiksRsel5n7XwqPAfB0l3TFKdpjW/kgAELf9vrb5adGA7UCPLajKK5s3nFrcFm3Rkyp/Qkgl73ENc1UY3cA=="
    },
    "dom-walk": {
      "version": "0.1.1",
      "resolved": "https://registry.npmjs.org/dom-walk/-/dom-walk-0.1.1.tgz",
      "integrity": "sha1-ZyIm3HTI95mtNTB9+TaroRrNYBg="
    },
    "emojis-list": {
      "version": "2.1.0",
      "resolved": "https://registry.npmjs.org/emojis-list/-/emojis-list-2.1.0.tgz",
      "integrity": "sha1-TapNnbAPmBmIDHn6RXrlsJof04k="
    },
    "encoding": {
      "version": "0.1.12",
      "resolved": "https://registry.npmjs.org/encoding/-/encoding-0.1.12.tgz",
      "integrity": "sha1-U4tm8+5izRq1HsMjgp0flIDHS+s=",
      "requires": {
        "iconv-lite": "0.4.24"
      }
    },
    "fast-levenshtein": {
      "version": "2.0.6",
      "resolved": "https://registry.npmjs.org/fast-levenshtein/-/fast-levenshtein-2.0.6.tgz",
      "integrity": "sha1-PYpcZog6FqMMqGQ+hR8Zuqd5eRc="
    },
    "fbjs": {
      "version": "0.8.17",
      "resolved": "https://registry.npmjs.org/fbjs/-/fbjs-0.8.17.tgz",
      "integrity": "sha1-xNWY6taUkRJlPWWIsBpc3Nn5D90=",
      "requires": {
        "core-js": "1.2.7",
        "isomorphic-fetch": "2.2.1",
        "loose-envify": "1.4.0",
        "object-assign": "4.1.1",
        "promise": "7.3.1",
        "setimmediate": "1.0.5",
        "ua-parser-js": "0.7.19"
      },
      "dependencies": {
        "core-js": {
          "version": "1.2.7",
          "resolved": "https://registry.npmjs.org/core-js/-/core-js-1.2.7.tgz",
          "integrity": "sha1-ZSKUwUZR2yj6k70tX/KYOk8IxjY="
        }
      }
    },
    "flatten": {
      "version": "1.0.2",
      "resolved": "https://registry.npmjs.org/flatten/-/flatten-1.0.2.tgz",
      "integrity": "sha1-2uRqnXj74lKSJYzB54CkHZXAN4I="
    },
    "global": {
      "version": "4.3.2",
      "resolved": "https://registry.npmjs.org/global/-/global-4.3.2.tgz",
      "integrity": "sha1-52mJJopsdMOJCLEwWxD8DjlOnQ8=",
      "requires": {
        "min-document": "2.19.0",
        "process": "0.5.2"
      }
    },
    "history": {
      "version": "3.3.0",
      "resolved": "https://registry.npmjs.org/history/-/history-3.3.0.tgz",
      "integrity": "sha1-/O3M6PEpdTcVRdc1RhAzV5ptrpw=",
      "requires": {
        "invariant": "2.2.4",
        "loose-envify": "1.4.0",
        "query-string": "4.3.4",
        "warning": "3.0.0"
      }
    },
    "hoist-non-react-statics": {
      "version": "2.5.5",
      "resolved": "https://registry.npmjs.org/hoist-non-react-statics/-/hoist-non-react-statics-2.5.5.tgz",
      "integrity": "sha512-rqcy4pJo55FTTLWt+bU8ukscqHeE/e9KWvsOW2b/a3afxQZhwkQdT1rPPCJ0rYXdj4vNcasY8zHTH+jF/qStxw=="
    },
    "iconv-lite": {
      "version": "0.4.24",
      "resolved": "https://registry.npmjs.org/iconv-lite/-/iconv-lite-0.4.24.tgz",
      "integrity": "sha512-v3MXnZAcvnywkTUEZomIActle7RXXeedOR31wwl7VlyoXO4Qi9arvSenNQWne1TcRwhCL1HwLI21bEqdpj8/rA==",
      "requires": {
        "safer-buffer": "2.1.2"
      }
    },
    "invariant": {
      "version": "2.2.4",
      "resolved": "https://registry.npmjs.org/invariant/-/invariant-2.2.4.tgz",
      "integrity": "sha512-phJfQVBuaJM5raOpJjSfkiD6BpbCE4Ns//LaXl6wGYtUBY83nWS6Rf9tXm2e8VaK60JEjYldbPif/A2B1C2gNA==",
      "requires": {
        "loose-envify": "1.4.0"
      }
    },
    "is-plain-object": {
      "version": "2.0.4",
      "resolved": "https://registry.npmjs.org/is-plain-object/-/is-plain-object-2.0.4.tgz",
      "integrity": "sha512-h5PpgXkWitc38BBMYawTYMWJHFZJVnBquFE57xFpjB8pJFiF6gZ+bU+WyI/yqXiFR5mdLsgYNaPe8uao6Uv9Og==",
      "requires": {
        "isobject": "3.0.1"
      }
    },
    "is-stream": {
      "version": "1.1.0",
      "resolved": "https://registry.npmjs.org/is-stream/-/is-stream-1.1.0.tgz",
      "integrity": "sha1-EtSj3U5o4Lec6428hBc66A2RykQ="
    },
    "isobject": {
      "version": "3.0.1",
      "resolved": "https://registry.npmjs.org/isobject/-/isobject-3.0.1.tgz",
      "integrity": "sha1-TkMekrEalzFjaqH5yNHMvP2reN8="
    },
    "isomorphic-fetch": {
      "version": "2.2.1",
      "resolved": "https://registry.npmjs.org/isomorphic-fetch/-/isomorphic-fetch-2.2.1.tgz",
      "integrity": "sha1-YRrhrPFPXoH3KVB0coGf6XM1WKk=",
      "requires": {
        "node-fetch": "1.7.3",
        "whatwg-fetch": "3.0.0"
      }
    },
    "js-tokens": {
      "version": "4.0.0",
      "resolved": "https://registry.npmjs.org/js-tokens/-/js-tokens-4.0.0.tgz",
      "integrity": "sha512-RdJUflcE3cUzKiMqQgsCu06FPu9UdIJO0beYbPhHN4k6apgJtifcoCtT9bcxOpYBtpD2kCM6Sbzg4CausW/PKQ=="
    },
    "json5": {
      "version": "1.0.1",
      "resolved": "https://registry.npmjs.org/json5/-/json5-1.0.1.tgz",
      "integrity": "sha512-aKS4WQjPenRxiQsC93MNfjx+nbF4PAdYzmd/1JIj8HYzqfbu86beTuNgXDzPknWk0n0uARlyewZo4s++ES36Ow==",
      "requires": {
        "minimist": "1.2.0"
      }
    },
    "loader-utils": {
      "version": "1.2.3",
      "resolved": "https://registry.npmjs.org/loader-utils/-/loader-utils-1.2.3.tgz",
      "integrity": "sha512-fkpz8ejdnEMG3s37wGL07iSBDg99O9D5yflE9RGNH3hRdx9SOwYfnGYdZOUIZitN8E+E2vkq3MUMYMvPYl5ZZA==",
      "requires": {
        "big.js": "5.2.2",
        "emojis-list": "2.1.0",
        "json5": "1.0.1"
      }
    },
    "lodash": {
      "version": "4.17.11",
      "resolved": "https://registry.npmjs.org/lodash/-/lodash-4.17.11.tgz",
      "integrity": "sha512-cQKh8igo5QUhZ7lg38DYWAxMvjSAKG0A8wGSVimP07SIUEK2UO+arSRKbRZWtelMtN5V0Hkwh5ryOto/SshYIg=="
    },
    "lodash-es": {
      "version": "4.17.11",
      "resolved": "https://registry.npmjs.org/lodash-es/-/lodash-es-4.17.11.tgz",
      "integrity": "sha512-DHb1ub+rMjjrxqlB3H56/6MXtm1lSksDp2rA2cNWjG8mlDUYFhUj3Di2Zn5IwSU87xLv8tNIQ7sSwE/YOX/D/Q=="
    },
    "lodash.isfunction": {
      "version": "3.0.9",
      "resolved": "https://registry.npmjs.org/lodash.isfunction/-/lodash.isfunction-3.0.9.tgz",
      "integrity": "sha512-AirXNj15uRIMMPihnkInB4i3NHeb4iBtNg9WRWuK2o31S+ePwwNmDPaTL3o7dTJ+VXNZim7rFs4rxN4YU1oUJw=="
    },
    "lodash.merge": {
      "version": "4.6.1",
      "resolved": "https://registry.npmjs.org/lodash.merge/-/lodash.merge-4.6.1.tgz",
      "integrity": "sha512-AOYza4+Hf5z1/0Hztxpm2/xiPZgi/cjMqdnKTUWTBSKchJlxXXuUSxCCl8rJlf4g6yww/j6mA8nC8Hw/EZWxKQ=="
    },
    "loose-envify": {
      "version": "1.4.0",
      "resolved": "https://registry.npmjs.org/loose-envify/-/loose-envify-1.4.0.tgz",
      "integrity": "sha512-lyuxPGr/Wfhrlem2CL/UcnUc1zcqKAImBDzukY7Y5F/yQiNdko6+fRLevlw1HgMySw7f611UIY408EtxRSoK3Q==",
      "requires": {
        "js-tokens": "4.0.0"
      }
    },
    "magic-add": {
      "version": "1.0.10",
      "resolved": "https://registry.npmjs.org/magic-add/-/magic-add-1.0.10.tgz",
      "integrity": "sha1-YC/fJhTGBwaPxbP9zRFWqetwSCA="
    },
    "min-document": {
      "version": "2.19.0",
      "resolved": "https://registry.npmjs.org/min-document/-/min-document-2.19.0.tgz",
      "integrity": "sha1-e9KC4/WELtKVu3SM3Z8f+iyCRoU=",
      "requires": {
        "dom-walk": "0.1.1"
      }
    },
    "minimist": {
      "version": "1.2.0",
      "resolved": "https://registry.npmjs.org/minimist/-/minimist-1.2.0.tgz",
      "integrity": "sha1-o1AIsg9BOD7sH7kU9M1d95omQoQ="
    },
    "node-fetch": {
      "version": "1.7.3",
      "resolved": "https://registry.npmjs.org/node-fetch/-/node-fetch-1.7.3.tgz",
      "integrity": "sha512-NhZ4CsKx7cYm2vSrBAr2PvFOe6sWDf0UYLRqA6svUYg7+/TSfVAu49jYC4BvQ4Sms9SZgdqGBgroqfDhJdTyKQ==",
      "requires": {
        "encoding": "0.1.12",
        "is-stream": "1.1.0"
      }
    },
    "object-assign": {
      "version": "4.1.1",
      "resolved": "https://registry.npmjs.org/object-assign/-/object-assign-4.1.1.tgz",
      "integrity": "sha1-IQmtx5ZYh8/AXLvUQsrIv7s2CGM="
    },
    "process": {
      "version": "0.5.2",
      "resolved": "https://registry.npmjs.org/process/-/process-0.5.2.tgz",
      "integrity": "sha1-FjjYqONML0QKkduVq5rrZ3/Bhc8="
    },
    "promise": {
      "version": "7.3.1",
      "resolved": "https://registry.npmjs.org/promise/-/promise-7.3.1.tgz",
      "integrity": "sha512-nolQXZ/4L+bP/UGlkfaIujX9BKxGwmQ9OT4mOt5yvy8iK1h3wqTEJCijzGANTCCl9nWjY41juyAn2K3Q1hLLTg==",
      "requires": {
        "asap": "2.0.6"
      }
    },
    "prop-types": {
      "version": "15.7.2",
      "resolved": "https://registry.npmjs.org/prop-types/-/prop-types-15.7.2.tgz",
      "integrity": "sha512-8QQikdH7//R2vurIJSutZ1smHYTcLpRWEOlHnzcWHmBYrOGUysKwSsrC89BCiFj3CbrfJ/nXFdJepOVrY1GCHQ==",
      "requires": {
        "loose-envify": "1.4.0",
        "object-assign": "4.1.1",
        "react-is": "16.8.6"
      }
    },
    "query-string": {
      "version": "4.3.4",
      "resolved": "https://registry.npmjs.org/query-string/-/query-string-4.3.4.tgz",
      "integrity": "sha1-u7aTucqRXCMlFbIosaArYJBD2+s=",
      "requires": {
        "object-assign": "4.1.1",
        "strict-uri-encode": "1.1.0"
      }
    },
    "react-hot-loader": {
      "version": "4.5.3",
      "resolved": "https://registry.npmjs.org/react-hot-loader/-/react-hot-loader-4.5.3.tgz",
      "integrity": "sha512-3meh550Cagzdqaci2R0wdCYDNy5hZFF4/ej2iiOXjRX5BRI30kTNJtzDFdXXIqipIjLhEPUpPLSsdR16ExDzfA==",
      "requires": {
        "fast-levenshtein": "2.0.6",
        "global": "4.3.2",
        "hoist-non-react-statics": "2.5.5",
        "loader-utils": "1.2.3",
        "lodash.merge": "4.6.1",
        "prop-types": "15.7.2",
        "react-lifecycles-compat": "3.0.4",
        "shallowequal": "1.1.0",
        "source-map": "0.7.3"
      }
    },
    "react-is": {
      "version": "16.8.6",
      "resolved": "https://registry.npmjs.org/react-is/-/react-is-16.8.6.tgz",
      "integrity": "sha512-aUk3bHfZ2bRSVFFbbeVS4i+lNPZr3/WM5jT2J5omUVV1zzcs1nAaf3l51ctA5FFvCRbhrH0bdAsRRQddFJZPtA=="
    },
    "react-lifecycles-compat": {
      "version": "3.0.4",
      "resolved": "https://registry.npmjs.org/react-lifecycles-compat/-/react-lifecycles-compat-3.0.4.tgz",
      "integrity": "sha512-fBASbA6LnOU9dOU2eW7aQ8xmYBSXUIWr+UmF9b1efZBazGNO+rcXT/icdKnYm2pTwcRylVUYwW7H1PHfLekVzA=="
    },
    "react-redux": {
      "version": "4.4.10",
      "resolved": "https://registry.npmjs.org/react-redux/-/react-redux-4.4.10.tgz",
      "integrity": "sha512-tjL0Bmpkj75Td0k+lXlF8Fc8a9GuXFv/3ahUOCXExWs/jhsKiQeTffdH0j5byejCGCRL4tvGFYlrwBF1X/Aujg==",
      "requires": {
        "create-react-class": "15.6.3",
        "hoist-non-react-statics": "3.3.0",
        "invariant": "2.2.4",
        "lodash": "4.17.11",
        "loose-envify": "1.4.0",
        "prop-types": "15.7.2"
      },
      "dependencies": {
        "hoist-non-react-statics": {
          "version": "3.3.0",
          "resolved": "https://registry.npmjs.org/hoist-non-react-statics/-/hoist-non-react-statics-3.3.0.tgz",
          "integrity": "sha512-0XsbTXxgiaCDYDIWFcwkmerZPSwywfUqYmwT4jzewKTQSWoE6FCMoUVOeBJWK3E/CrWbxRG3m5GzY4lnIwGRBA==",
          "requires": {
            "react-is": "16.8.6"
          }
        }
      }
    },
    "react-router": {
      "version": "3.2.0",
      "resolved": "https://registry.npmjs.org/react-router/-/react-router-3.2.0.tgz",
      "integrity": "sha512-sXlLOg0TRCqnjCVskqBHGjzNjcJKUqXEKnDSuxMYJSPJNq9hROE9VsiIW2kfIq7Ev+20Iz0nxayekXyv0XNmsg==",
      "requires": {
        "create-react-class": "15.6.3",
        "history": "3.3.0",
        "hoist-non-react-statics": "1.2.0",
        "invariant": "2.2.4",
        "loose-envify": "1.4.0",
        "prop-types": "15.7.2",
        "warning": "3.0.0"
      },
      "dependencies": {
        "hoist-non-react-statics": {
          "version": "1.2.0",
          "resolved": "https://registry.npmjs.org/hoist-non-react-statics/-/hoist-non-react-statics-1.2.0.tgz",
          "integrity": "sha1-qkSM8JhtVcxAdzsXF0t90GbLfPs="
        }
      }
    },
    "react-router-redux": {
      "version": "4.0.8",
      "resolved": "https://registry.npmjs.org/react-router-redux/-/react-router-redux-4.0.8.tgz",
      "integrity": "sha1-InQDWWtRUeGCN32rg1tdRfD4BU4="
    },
    "redux": {
      "version": "3.7.2",
      "resolved": "https://registry.npmjs.org/redux/-/redux-3.7.2.tgz",
      "integrity": "sha512-pNqnf9q1hI5HHZRBkj3bAngGZW/JMCmexDlOxw4XagXY2o1327nHH54LoTjiPJ0gizoqPDRqWyX/00g0hD6w+A==",
      "requires": {
        "lodash": "4.17.11",
        "lodash-es": "4.17.11",
        "loose-envify": "1.4.0",
        "symbol-observable": "1.2.0"
      }
    },
    "redux-saga": {
      "version": "0.14.8",
      "resolved": "https://registry.npmjs.org/redux-saga/-/redux-saga-0.14.8.tgz",
      "integrity": "sha1-rQGvq+AuxBoX31Ti4JqiNrMKdzI="
    },
    "regenerator-runtime": {
      "version": "0.11.1",
      "resolved": "https://registry.npmjs.org/regenerator-runtime/-/regenerator-runtime-0.11.1.tgz",
      "integrity": "sha512-MguG95oij0fC3QV3URf4V2SDYGJhJnJGqvIIgdECeODCT98wSWDAJ94SSuVpYQUoTcGUIL6L4yNB7j1DFFHSBg=="
    },
    "safer-buffer": {
      "version": "2.1.2",
      "resolved": "https://registry.npmjs.org/safer-buffer/-/safer-buffer-2.1.2.tgz",
      "integrity": "sha512-YZo3K82SD7Riyi0E1EQPojLz7kpepnSQI9IyPbHHg1XXXevb5dJI7tpyN2ADxGcQbHG7vcyRHk0cbwqcQriUtg=="
    },
    "scheduler": {
      "version": "0.13.6",
      "resolved": "https://registry.npmjs.org/scheduler/-/scheduler-0.13.6.tgz",
      "integrity": "sha512-IWnObHt413ucAYKsD9J1QShUKkbKLQQHdxRyw73sw4FN26iWr3DY/H34xGPe4nmL1DwXyWmSWmMrA9TfQbE/XQ==",
      "requires": {
        "loose-envify": "1.4.0",
        "object-assign": "4.1.1"
      }
    },
    "setimmediate": {
      "version": "1.0.5",
      "resolved": "https://registry.npmjs.org/setimmediate/-/setimmediate-1.0.5.tgz",
      "integrity": "sha1-KQy7Iy4waULX1+qbg3Mqt4VvgoU="
    },
    "shallowequal": {
      "version": "1.1.0",
      "resolved": "https://registry.npmjs.org/shallowequal/-/shallowequal-1.1.0.tgz",
      "integrity": "sha512-y0m1JoUZSlPAjXVtPPW70aZWfIL/dSP7AFkRnniLCrK/8MDKog3TySTBmckD+RObVxH0v4Tox67+F14PdED2oQ=="
    },
    "source-map": {
      "version": "0.7.3",
      "resolved": "https://registry.npmjs.org/source-map/-/source-map-0.7.3.tgz",
      "integrity": "sha512-CkCj6giN3S+n9qrYiBTX5gystlENnRW5jZeNLHpe6aue+SrHcG5VYwujhW9s4dY31mEGsxBDrHR6oI69fTXsaQ=="
    },
    "strict-uri-encode": {
      "version": "1.1.0",
      "resolved": "https://registry.npmjs.org/strict-uri-encode/-/strict-uri-encode-1.1.0.tgz",
      "integrity": "sha1-J5siXfHVgrH1TmWt3UNS4Y+qBxM="
    },
    "symbol-observable": {
      "version": "1.2.0",
      "resolved": "https://registry.npmjs.org/symbol-observable/-/symbol-observable-1.2.0.tgz",
      "integrity": "sha512-e900nM8RRtGhlV36KGEU9k65K3mPb1WV70OdjfxlG2EAuM1noi/E/BaW/uMhL7bPEssK8QV57vN3esixjUvcXQ=="
    },
    "typed-dva": {
      "version": "1.3.1",
      "resolved": "https://registry.npmjs.org/typed-dva/-/typed-dva-1.3.1.tgz",
      "integrity": "sha512-UxgN+82nH/FsYr8MAtrIt/JHk5CDLp8yH7LFz0oS2hhEgEFX9CXARIi4yHk7hZqpJN1FIXo5t+JQb2hUzMWwQg==",
      "requires": {
        "@types/history": "4.7.2",
        "@types/invariant": "2.2.29",
        "@types/is-plain-object": "0.0.2",
        "@types/lodash.isfunction": "3.0.6",
        "@types/react": "15.6.25",
        "@types/react-dom": "0.14.23",
        "@types/react-hot-loader": "3.0.6",
        "@types/react-redux": "4.4.47",
        "@types/react-router": "3.0.20",
        "@types/react-router-redux": "4.0.51",
        "@types/redux": "3.6.0",
        "@types/warning": "3.0.0",
        "babel-runtime": "6.26.0",
        "flatten": "1.0.2",
        "global": "4.3.2",
        "invariant": "2.2.4",
        "is-plain-object": "2.0.4",
        "isomorphic-fetch": "2.2.1",
        "lodash.isfunction": "3.0.9",
        "magic-add": "1.0.10",
        "react": "16.8.6",
        "react-dom": "16.8.6",
        "react-hot-loader": "4.5.3",
        "react-redux": "4.4.10",
        "react-router": "3.2.0",
        "react-router-redux": "4.0.8",
        "redux": "3.7.2",
        "redux-saga": "0.14.8",
        "warning": "3.0.0"
      },
      "dependencies": {
        "@types/react": {
          "version": "15.6.25",
          "resolved": "https://registry.npmjs.org/@types/react/-/react-15.6.25.tgz",
          "integrity": "sha512-6wPEZmG7GI0jWU/EwbUnY3UNoiwZ5AAGeJ8rSW1YFO06fFsfS1n0AiAdZlr48IYj81LGbSdNbr6AboXgTpyLEg=="
        },
        "@types/react-dom": {
          "version": "0.14.23",
          "resolved": "https://registry.npmjs.org/@types/react-dom/-/react-dom-0.14.23.tgz",
          "integrity": "sha1-zs/PrXVLTCdl/l0puBswGImtbC4=",
          "requires": {
            "@types/react": "15.6.25"
          }
        },
        "react": {
          "version": "16.8.6",
          "resolved": "https://registry.npmjs.org/react/-/react-16.8.6.tgz",
          "integrity": "sha512-pC0uMkhLaHm11ZSJULfOBqV4tIZkx87ZLvbbQYunNixAAvjnC+snJCg0XQXn9VIsttVsbZP/H/ewzgsd5fxKXw==",
          "requires": {
            "loose-envify": "1.4.0",
            "object-assign": "4.1.1",
            "prop-types": "15.7.2",
            "scheduler": "0.13.6"
          }
        },
        "react-dom": {
          "version": "16.8.6",
          "resolved": "https://registry.npmjs.org/react-dom/-/react-dom-16.8.6.tgz",
          "integrity": "sha512-1nL7PIq9LTL3fthPqwkvr2zY7phIPjYrT0jp4HjyEQrEROnw4dG41VVwi/wfoCneoleqrNX7iAD+pXebJZwrwA==",
          "requires": {
            "loose-envify": "1.4.0",
            "object-assign": "4.1.1",
            "prop-types": "15.7.2",
            "scheduler": "0.13.6"
          }
        }
      }
    },
    "ua-parser-js": {
      "version": "0.7.19",
      "resolved": "https://registry.npmjs.org/ua-parser-js/-/ua-parser-js-0.7.19.tgz",
      "integrity": "sha512-T3PVJ6uz8i0HzPxOF9SWzWAlfN/DavlpQqepn22xgve/5QecC+XMCAtmUNnY7C9StehaV6exjUCI801lOI7QlQ=="
    },
    "warning": {
      "version": "3.0.0",
      "resolved": "https://registry.npmjs.org/warning/-/warning-3.0.0.tgz",
      "integrity": "sha1-MuU3fLVy3kqwR1O9+IIcAe1gW3w=",
      "requires": {
        "loose-envify": "1.4.0"
      }
    },
    "whatwg-fetch": {
      "version": "3.0.0",
      "resolved": "https://registry.npmjs.org/whatwg-fetch/-/whatwg-fetch-3.0.0.tgz",
      "integrity": "sha512-9GSJUgz1D4MfyKU7KRqwOjXCXTqWdFNvEr7eUBYchQiVc744mqK/MzXPNR2WsPkmkOa4ywfg8C2n8h+13Bey1Q=="
    }
  }
}
